// !$*UTF8*$!
{
	archiveVersion = 1;
	classes = {
	};
	objectVersion = 46;
	objects = {

/* Begin PBXBuildFile section */
		5098B7A6477E4099B35DE614 /* libPods-HappyTraffic.a in Frameworks */ = {isa = PBXBuildFile; fileRef = 0B896D0699334687B972517D /* libPods-HappyTraffic.a */; };
		706512851996A1300090F424 /* Foundation.framework in Frameworks */ = {isa = PBXBuildFile; fileRef = 706512841996A1300090F424 /* Foundation.framework */; };
		706512871996A1300090F424 /* CoreGraphics.framework in Frameworks */ = {isa = PBXBuildFile; fileRef = 706512861996A1300090F424 /* CoreGraphics.framework */; };
		706512891996A1300090F424 /* UIKit.framework in Frameworks */ = {isa = PBXBuildFile; fileRef = 706512881996A1300090F424 /* UIKit.framework */; };
		7065128F1996A1300090F424 /* InfoPlist.strings in Resources */ = {isa = PBXBuildFile; fileRef = 7065128D1996A1300090F424 /* InfoPlist.strings */; };
		706512911996A1300090F424 /* main.m in Sources */ = {isa = PBXBuildFile; fileRef = 706512901996A1300090F424 /* main.m */; };
		706512951996A1300090F424 /* htAppDelegate.m in Sources */ = {isa = PBXBuildFile; fileRef = 706512941996A1300090F424 /* htAppDelegate.m */; };
		706512981996A1300090F424 /* Main_iPhone.storyboard in Resources */ = {isa = PBXBuildFile; fileRef = 706512961996A1300090F424 /* Main_iPhone.storyboard */; };
		7065129B1996A1300090F424 /* Main_iPad.storyboard in Resources */ = {isa = PBXBuildFile; fileRef = 706512991996A1300090F424 /* Main_iPad.storyboard */; };
		7065129E1996A1300090F424 /* htViewController.m in Sources */ = {isa = PBXBuildFile; fileRef = 7065129D1996A1300090F424 /* htViewController.m */; };
		706512A01996A1300090F424 /* Images.xcassets in Resources */ = {isa = PBXBuildFile; fileRef = 7065129F1996A1300090F424 /* Images.xcassets */; };
		706512A71996A1310090F424 /* XCTest.framework in Frameworks */ = {isa = PBXBuildFile; fileRef = 706512A61996A1310090F424 /* XCTest.framework */; };
		706512A81996A1310090F424 /* Foundation.framework in Frameworks */ = {isa = PBXBuildFile; fileRef = 706512841996A1300090F424 /* Foundation.framework */; };
		706512A91996A1310090F424 /* UIKit.framework in Frameworks */ = {isa = PBXBuildFile; fileRef = 706512881996A1300090F424 /* UIKit.framework */; };
		706512B11996A1310090F424 /* InfoPlist.strings in Resources */ = {isa = PBXBuildFile; fileRef = 706512AF1996A1310090F424 /* InfoPlist.strings */; };
		706512B31996A1310090F424 /* HappyTrafficTests.m in Sources */ = {isa = PBXBuildFile; fileRef = 706512B21996A1310090F424 /* HappyTrafficTests.m */; };
		70EE0D0C19971EE700CD9531 /* DazFire.png in Resources */ = {isa = PBXBuildFile; fileRef = 70EE0D0519971EE700CD9531 /* DazFire.png */; };
		70EE0D0D19971EE700CD9531 /* DazSmoke.png in Resources */ = {isa = PBXBuildFile; fileRef = 70EE0D0619971EE700CD9531 /* DazSmoke.png */; };
		70EE0D0E19971EE700CD9531 /* DazHeart.png in Resources */ = {isa = PBXBuildFile; fileRef = 70EE0D0719971EE700CD9531 /* DazHeart.png */; };
		70EE0D0F19971EE700CD9531 /* DazFlake.png in Resources */ = {isa = PBXBuildFile; fileRef = 70EE0D0819971EE700CD9531 /* DazFlake.png */; };
		70EE0D1019971EE700CD9531 /* DazStarOutline.png in Resources */ = {isa = PBXBuildFile; fileRef = 70EE0D0919971EE700CD9531 /* DazStarOutline.png */; };
		70EE0D1119971EE700CD9531 /* DazTriangle.png in Resources */ = {isa = PBXBuildFile; fileRef = 70EE0D0A19971EE700CD9531 /* DazTriangle.png */; };
		70EE0D1219971EE700CD9531 /* DazRing.png in Resources */ = {isa = PBXBuildFile; fileRef = 70EE0D0B19971EE700CD9531 /* DazRing.png */; };
		70EE0D16199730FB00CD9531 /* background.png in Resources */ = {isa = PBXBuildFile; fileRef = 70EE0D15199730FB00CD9531 /* background.png */; };
		70EE0D1819973B1600CD9531 /* background2.png in Resources */ = {isa = PBXBuildFile; fileRef = 70EE0D1719973B1600CD9531 /* background2.png */; };
/* End PBXBuildFile section */

/* Begin PBXContainerItemProxy section */
		706512AA1996A1310090F424 /* PBXContainerItemProxy */ = {
			isa = PBXContainerItemProxy;
			containerPortal = 706512791996A1300090F424 /* Project object */;
			proxyType = 1;
			remoteGlobalIDString = 706512801996A1300090F424;
			remoteInfo = HappyTraffic;
		};
/* End PBXContainerItemProxy section */

/* Begin PBXFileReference section */
		0B896D0699334687B972517D /* libPods-HappyTraffic.a */ = {isa = PBXFileReference; explicitFileType = archive.ar; includeInIndex = 0; path = "libPods-HappyTraffic.a"; sourceTree = BUILT_PRODUCTS_DIR; };
		706512811996A1300090F424 /* HappyTraffic.app */ = {isa = PBXFileReference; explicitFileType = wrapper.application; includeInIndex = 0; path = HappyTraffic.app; sourceTree = BUILT_PRODUCTS_DIR; };
		706512841996A1300090F424 /* Foundation.framework */ = {isa = PBXFileReference; lastKnownFileType = wrapper.framework; name = Foundation.framework; path = System/Library/Frameworks/Foundation.framework; sourceTree = SDKROOT; };
		706512861996A1300090F424 /* CoreGraphics.framework */ = {isa = PBXFileReference; lastKnownFileType = wrapper.framework; name = CoreGraphics.framework; path = System/Library/Frameworks/CoreGraphics.framework; sourceTree = SDKROOT; };
		706512881996A1300090F424 /* UIKit.framework */ = {isa = PBXFileReference; lastKnownFileType = wrapper.framework; name = UIKit.framework; path = System/Library/Frameworks/UIKit.framework; sourceTree = SDKROOT; };
		7065128C1996A1300090F424 /* HappyTraffic-Info.plist */ = {isa = PBXFileReference; lastKnownFileType = text.plist.xml; path = "HappyTraffic-Info.plist"; sourceTree = "<group>"; };
		7065128E1996A1300090F424 /* en */ = {isa = PBXFileReference; lastKnownFileType = text.plist.strings; name = en; path = en.lproj/InfoPlist.strings; sourceTree = "<group>"; };
		706512901996A1300090F424 /* main.m */ = {isa = PBXFileReference; lastKnownFileType = sourcecode.c.objc; path = main.m; sourceTree = "<group>"; };
		706512921996A1300090F424 /* HappyTraffic-Prefix.pch */ = {isa = PBXFileReference; lastKnownFileType = sourcecode.c.h; path = "HappyTraffic-Prefix.pch"; sourceTree = "<group>"; };
		706512931996A1300090F424 /* htAppDelegate.h */ = {isa = PBXFileReference; lastKnownFileType = sourcecode.c.h; path = htAppDelegate.h; sourceTree = "<group>"; };
		706512941996A1300090F424 /* htAppDelegate.m */ = {isa = PBXFileReference; lastKnownFileType = sourcecode.c.objc; path = htAppDelegate.m; sourceTree = "<group>"; };
		706512971996A1300090F424 /* Base */ = {isa = PBXFileReference; lastKnownFileType = file.storyboard; name = Base; path = Base.lproj/Main_iPhone.storyboard; sourceTree = "<group>"; };
		7065129A1996A1300090F424 /* Base */ = {isa = PBXFileReference; lastKnownFileType = file.storyboard; name = Base; path = Base.lproj/Main_iPad.storyboard; sourceTree = "<group>"; };
		7065129C1996A1300090F424 /* htViewController.h */ = {isa = PBXFileReference; lastKnownFileType = sourcecode.c.h; path = htViewController.h; sourceTree = "<group>"; };
		7065129D1996A1300090F424 /* htViewController.m */ = {isa = PBXFileReference; lastKnownFileType = sourcecode.c.objc; path = htViewController.m; sourceTree = "<group>"; };
		7065129F1996A1300090F424 /* Images.xcassets */ = {isa = PBXFileReference; lastKnownFileType = folder.assetcatalog; path = Images.xcassets; sourceTree = "<group>"; };
		706512A51996A1310090F424 /* HappyTrafficTests.xctest */ = {isa = PBXFileReference; explicitFileType = wrapper.cfbundle; includeInIndex = 0; path = HappyTrafficTests.xctest; sourceTree = BUILT_PRODUCTS_DIR; };
		706512A61996A1310090F424 /* XCTest.framework */ = {isa = PBXFileReference; lastKnownFileType = wrapper.framework; name = XCTest.framework; path = Library/Frameworks/XCTest.framework; sourceTree = DEVELOPER_DIR; };
		706512AE1996A1310090F424 /* HappyTrafficTests-Info.plist */ = {isa = PBXFileReference; lastKnownFileType = text.plist.xml; path = "HappyTrafficTests-Info.plist"; sourceTree = "<group>"; };
		706512B01996A1310090F424 /* en */ = {isa = PBXFileReference; lastKnownFileType = text.plist.strings; name = en; path = en.lproj/InfoPlist.strings; sourceTree = "<group>"; };
		706512B21996A1310090F424 /* HappyTrafficTests.m */ = {isa = PBXFileReference; lastKnownFileType = sourcecode.c.objc; path = HappyTrafficTests.m; sourceTree = "<group>"; };
		70EE0D0519971EE700CD9531 /* DazFire.png */ = {isa = PBXFileReference; lastKnownFileType = image.png; path = DazFire.png; sourceTree = "<group>"; };
		70EE0D0619971EE700CD9531 /* DazSmoke.png */ = {isa = PBXFileReference; lastKnownFileType = image.png; path = DazSmoke.png; sourceTree = "<group>"; };
		70EE0D0719971EE700CD9531 /* DazHeart.png */ = {isa = PBXFileReference; lastKnownFileType = image.png; path = DazHeart.png; sourceTree = "<group>"; };
		70EE0D0819971EE700CD9531 /* DazFlake.png */ = {isa = PBXFileReference; lastKnownFileType = image.png; path = DazFlake.png; sourceTree = "<group>"; };
		70EE0D0919971EE700CD9531 /* DazStarOutline.png */ = {isa = PBXFileReference; lastKnownFileType = image.png; path = DazStarOutline.png; sourceTree = "<group>"; };
		70EE0D0A19971EE700CD9531 /* DazTriangle.png */ = {isa = PBXFileReference; lastKnownFileType = image.png; path = DazTriangle.png; sourceTree = "<group>"; };
		70EE0D0B19971EE700CD9531 /* DazRing.png */ = {isa = PBXFileReference; lastKnownFileType = image.png; path = DazRing.png; sourceTree = "<group>"; };
		70EE0D15199730FB00CD9531 /* background.png */ = {isa = PBXFileReference; lastKnownFileType = image.png; path = background.png; sourceTree = "<group>"; };
		70EE0D1719973B1600CD9531 /* background2.png */ = {isa = PBXFileReference; lastKnownFileType = image.png; path = background2.png; sourceTree = "<group>"; };
		C8DA9C89676E414D99B81DE6 /* Pods-HappyTraffic.xcconfig */ = {isa = PBXFileReference; includeInIndex = 1; lastKnownFileType = text.xcconfig; name = "Pods-HappyTraffic.xcconfig"; path = "Pods/Pods-HappyTraffic.xcconfig"; sourceTree = "<group>"; };
/* End PBXFileReference section */

/* Begin PBXFrameworksBuildPhase section */
		7065127E1996A1300090F424 /* Frameworks */ = {
			isa = PBXFrameworksBuildPhase;
			buildActionMask = 2147483647;
			files = (
				706512871996A1300090F424 /* CoreGraphics.framework in Frameworks */,
				706512891996A1300090F424 /* UIKit.framework in Frameworks */,
				706512851996A1300090F424 /* Foundation.framework in Frameworks */,
				5098B7A6477E4099B35DE614 /* libPods-HappyTraffic.a in Frameworks */,
			);
			runOnlyForDeploymentPostprocessing = 0;
		};
		706512A21996A1310090F424 /* Frameworks */ = {
			isa = PBXFrameworksBuildPhase;
			buildActionMask = 2147483647;
			files = (
				706512A71996A1310090F424 /* XCTest.framework in Frameworks */,
				706512A91996A1310090F424 /* UIKit.framework in Frameworks */,
				706512A81996A1310090F424 /* Foundation.framework in Frameworks */,
			);
			runOnlyForDeploymentPostprocessing = 0;
		};
/* End PBXFrameworksBuildPhase section */

/* Begin PBXGroup section */
		706512781996A1300090F424 = {
			isa = PBXGroup;
			children = (
				7065128A1996A1300090F424 /* HappyTraffic */,
				706512AC1996A1310090F424 /* HappyTrafficTests */,
				706512831996A1300090F424 /* Frameworks */,
				706512821996A1300090F424 /* Products */,
				C8DA9C89676E414D99B81DE6 /* Pods-HappyTraffic.xcconfig */,
			);
			sourceTree = "<group>";
		};
		706512821996A1300090F424 /* Products */ = {
			isa = PBXGroup;
			children = (
				706512811996A1300090F424 /* HappyTraffic.app */,
				706512A51996A1310090F424 /* HappyTrafficTests.xctest */,
			);
			name = Products;
			sourceTree = "<group>";
		};
		706512831996A1300090F424 /* Frameworks */ = {
			isa = PBXGroup;
			children = (
				706512841996A1300090F424 /* Foundation.framework */,
				706512861996A1300090F424 /* CoreGraphics.framework */,
				706512881996A1300090F424 /* UIKit.framework */,
				706512A61996A1310090F424 /* XCTest.framework */,
				0B896D0699334687B972517D /* libPods-HappyTraffic.a */,
			);
			name = Frameworks;
			sourceTree = "<group>";
		};
		7065128A1996A1300090F424 /* HappyTraffic */ = {
			isa = PBXGroup;
			children = (
				70EE0D15199730FB00CD9531 /* background.png */,
				70EE0D1719973B1600CD9531 /* background2.png */,
				70EE0D0519971EE700CD9531 /* DazFire.png */,
				70EE0D0619971EE700CD9531 /* DazSmoke.png */,
				70EE0D0719971EE700CD9531 /* DazHeart.png */,
				70EE0D0819971EE700CD9531 /* DazFlake.png */,
				70EE0D0919971EE700CD9531 /* DazStarOutline.png */,
				70EE0D0A19971EE700CD9531 /* DazTriangle.png */,
				70EE0D0B19971EE700CD9531 /* DazRing.png */,
				706512931996A1300090F424 /* htAppDelegate.h */,
				706512941996A1300090F424 /* htAppDelegate.m */,
				706512961996A1300090F424 /* Main_iPhone.storyboard */,
				706512991996A1300090F424 /* Main_iPad.storyboard */,
				7065129C1996A1300090F424 /* htViewController.h */,
				7065129D1996A1300090F424 /* htViewController.m */,
				7065129F1996A1300090F424 /* Images.xcassets */,
				7065128B1996A1300090F424 /* Supporting Files */,
			);
			path = HappyTraffic;
			sourceTree = "<group>";
		};
		7065128B1996A1300090F424 /* Supporting Files */ = {
			isa = PBXGroup;
			children = (
				7065128C1996A1300090F424 /* HappyTraffic-Info.plist */,
				7065128D1996A1300090F424 /* InfoPlist.strings */,
				706512901996A1300090F424 /* main.m */,
				706512921996A1300090F424 /* HappyTraffic-Prefix.pch */,
			);
			name = "Supporting Files";
			sourceTree = "<group>";
		};
		706512AC1996A1310090F424 /* HappyTrafficTests */ = {
			isa = PBXGroup;
			children = (
				706512B21996A1310090F424 /* HappyTrafficTests.m */,
				706512AD1996A1310090F424 /* Supporting Files */,
			);
			path = HappyTrafficTests;
			sourceTree = "<group>";
		};
		706512AD1996A1310090F424 /* Supporting Files */ = {
			isa = PBXGroup;
			children = (
				706512AE1996A1310090F424 /* HappyTrafficTests-Info.plist */,
				706512AF1996A1310090F424 /* InfoPlist.strings */,
			);
			name = "Supporting Files";
			sourceTree = "<group>";
		};
/* End PBXGroup section */

/* Begin PBXNativeTarget section */
		706512801996A1300090F424 /* HappyTraffic */ = {
			isa = PBXNativeTarget;
			buildConfigurationList = 706512B61996A1310090F424 /* Build configuration list for PBXNativeTarget "HappyTraffic" */;
			buildPhases = (
				A4D9A4A5EC914616A762BA9A /* Check Pods Manifest.lock */,
				7065127D1996A1300090F424 /* Sources */,
				7065127E1996A1300090F424 /* Frameworks */,
				7065127F1996A1300090F424 /* Resources */,
				0B97E760AF6449999ED06E64 /* Copy Pods Resources */,
			);
			buildRules = (
			);
			dependencies = (
			);
			name = HappyTraffic;
			productName = HappyTraffic;
			productReference = 706512811996A1300090F424 /* HappyTraffic.app */;
			productType = "com.apple.product-type.application";
		};
		706512A41996A1310090F424 /* HappyTrafficTests */ = {
			isa = PBXNativeTarget;
			buildConfigurationList = 706512B91996A1310090F424 /* Build configuration list for PBXNativeTarget "HappyTrafficTests" */;
			buildPhases = (
				706512A11996A1310090F424 /* Sources */,
				706512A21996A1310090F424 /* Frameworks */,
				706512A31996A1310090F424 /* Resources */,
			);
			buildRules = (
			);
			dependencies = (
				706512AB1996A1310090F424 /* PBXTargetDependency */,
			);
			name = HappyTrafficTests;
			productName = HappyTrafficTests;
			productReference = 706512A51996A1310090F424 /* HappyTrafficTests.xctest */;
			productType = "com.apple.product-type.bundle.unit-test";
		};
/* End PBXNativeTarget section */

/* Begin PBXProject section */
		706512791996A1300090F424 /* Project object */ = {
			isa = PBXProject;
			attributes = {
				CLASSPREFIX = ht;
				LastUpgradeCheck = 0510;
				ORGANIZATIONNAME = Haxe;
				TargetAttributes = {
					706512801996A1300090F424 = {
						DevelopmentTeam = 5C368B3D23;
					};
					706512A41996A1310090F424 = {
						TestTargetID = 706512801996A1300090F424;
					};
				};
			};
			buildConfigurationList = 7065127C1996A1300090F424 /* Build configuration list for PBXProject "HappyTraffic" */;
			compatibilityVersion = "Xcode 3.2";
			developmentRegion = English;
			hasScannedForEncodings = 0;
			knownRegions = (
				en,
				Base,
			);
			mainGroup = 706512781996A1300090F424;
			productRefGroup = 706512821996A1300090F424 /* Products */;
			projectDirPath = "";
			projectRoot = "";
			targets = (
				706512801996A1300090F424 /* HappyTraffic */,
				706512A41996A1310090F424 /* HappyTrafficTests */,
			);
		};
/* End PBXProject section */

/* Begin PBXResourcesBuildPhase section */
		7065127F1996A1300090F424 /* Resources */ = {
			isa = PBXResourcesBuildPhase;
			buildActionMask = 2147483647;
			files = (
				70EE0D0C19971EE700CD9531 /* DazFire.png in Resources */,
				70EE0D1119971EE700CD9531 /* DazTriangle.png in Resources */,
				70EE0D16199730FB00CD9531 /* background.png in Resources */,
				70EE0D1019971EE700CD9531 /* DazStarOutline.png in Resources */,
				70EE0D0F19971EE700CD9531 /* DazFlake.png in Resources */,
				7065129B1996A1300090F424 /* Main_iPad.storyboard in Resources */,
				70EE0D1219971EE700CD9531 /* DazRing.png in Resources */,
				706512A01996A1300090F424 /* Images.xcassets in Resources */,
				70EE0D0E19971EE700CD9531 /* DazHeart.png in Resources */,
				70EE0D0D19971EE700CD9531 /* DazSmoke.png in Resources */,
				706512981996A1300090F424 /* Main_iPhone.storyboard in Resources */,
				7065128F1996A1300090F424 /* InfoPlist.strings in Resources */,
				70EE0D1819973B1600CD9531 /* background2.png in Resources */,
			);
			runOnlyForDeploymentPostprocessing = 0;
		};
		706512A31996A1310090F424 /* Resources */ = {
			isa = PBXResourcesBuildPhase;
			buildActionMask = 2147483647;
			files = (
				706512B11996A1310090F424 /* InfoPlist.strings in Resources */,
			);
			runOnlyForDeploymentPostprocessing = 0;
		};
/* End PBXResourcesBuildPhase section */

/* Begin PBXShellScriptBuildPhase section */
		0B97E760AF6449999ED06E64 /* Copy Pods Resources */ = {
			isa = PBXShellScriptBuildPhase;
			buildActionMask = 2147483647;
			files = (
			);
			inputPaths = (
			);
			name = "Copy Pods Resources";
			outputPaths = (
			);
			runOnlyForDeploymentPostprocessing = 0;
			shellPath = /bin/sh;
			shellScript = "\"${SRCROOT}/Pods/Pods-HappyTraffic-resources.sh\"\n";
			showEnvVarsInLog = 0;
		};
		A4D9A4A5EC914616A762BA9A /* Check Pods Manifest.lock */ = {
			isa = PBXShellScriptBuildPhase;
			buildActionMask = 2147483647;
			files = (
			);
			inputPaths = (
			);
			name = "Check Pods Manifest.lock";
			outputPaths = (
			);
			runOnlyForDeploymentPostprocessing = 0;
			shellPath = /bin/sh;
			shellScript = "diff \"${PODS_ROOT}/../Podfile.lock\" \"${PODS_ROOT}/Manifest.lock\" > /dev/null\nif [[ $? != 0 ]] ; then\n    cat << EOM\nerror: The sandbox is not in sync with the Podfile.lock. Run 'pod install' or update your CocoaPods installation.\nEOM\n    exit 1\nfi\n";
			showEnvVarsInLog = 0;
		};
/* End PBXShellScriptBuildPhase section */

/* Begin PBXSourcesBuildPhase section */
		7065127D1996A1300090F424 /* Sources */ = {
			isa = PBXSourcesBuildPhase;
			buildActionMask = 2147483647;
			files = (
				706512951996A1300090F424 /* htAppDelegate.m in Sources */,
				706512911996A1300090F424 /* main.m in Sources */,
				7065129E1996A1300090F424 /* htViewController.m in Sources */,
			);
			runOnlyForDeploymentPostprocessing = 0;
		};
		706512A11996A1310090F424 /* Sources */ = {
			isa = PBXSourcesBuildPhase;
			buildActionMask = 2147483647;
			files = (
				706512B31996A1310090F424 /* HappyTrafficTests.m in Sources */,
			);
			runOnlyForDeploymentPostprocessing = 0;
		};
/* End PBXSourcesBuildPhase section */

/* Begin PBXTargetDependency section */
		706512AB1996A1310090F424 /* PBXTargetDependency */ = {
			isa = PBXTargetDependency;
			target = 706512801996A1300090F424 /* HappyTraffic */;
			targetProxy = 706512AA1996A1310090F424 /* PBXContainerItemProxy */;
		};
/* End PBXTargetDependency section */

/* Begin PBXVariantGroup section */
		7065128D1996A1300090F424 /* InfoPlist.strings */ = {
			isa = PBXVariantGroup;
			children = (
				7065128E1996A1300090F424 /* en */,
			);
			name = InfoPlist.strings;
			sourceTree = "<group>";
		};
		706512961996A1300090F424 /* Main_iPhone.storyboard */ = {
			isa = PBXVariantGroup;
			children = (
				706512971996A1300090F424 /* Base */,
			);
			name = Main_iPhone.storyboard;
			sourceTree = "<group>";
		};
		706512991996A1300090F424 /* Main_iPad.storyboard */ = {
			isa = PBXVariantGroup;
			children = (
				7065129A1996A1300090F424 /* Base */,
			);
			name = Main_iPad.storyboard;
			sourceTree = "<group>";
		};
		706512AF1996A1310090F424 /* InfoPlist.strings */ = {
			isa = PBXVariantGroup;
			children = (
				706512B01996A1310090F424 /* en */,
			);
			name = InfoPlist.strings;
			sourceTree = "<group>";
		};
/* End PBXVariantGroup section */

/* Begin XCBuildConfiguration section */
		706512B41996A1310090F424 /* Debug */ = {
			isa = XCBuildConfiguration;
			buildSettings = {
				ALWAYS_SEARCH_USER_PATHS = NO;
				CLANG_CXX_LANGUAGE_STANDARD = "gnu++0x";
				CLANG_CXX_LIBRARY = "libc++";
				CLANG_ENABLE_MODULES = YES;
				CLANG_ENABLE_OBJC_ARC = YES;
				CLANG_WARN_BOOL_CONVERSION = YES;
				CLANG_WARN_CONSTANT_CONVERSION = YES;
				CLANG_WARN_DIRECT_OBJC_ISA_USAGE = YES_ERROR;
				CLANG_WARN_EMPTY_BODY = YES;
				CLANG_WARN_ENUM_CONVERSION = YES;
				CLANG_WARN_INT_CONVERSION = YES;
				CLANG_WARN_OBJC_ROOT_CLASS = YES_ERROR;
				CLANG_WARN__DUPLICATE_METHOD_MATCH = YES;
				"CODE_SIGN_IDENTITY[sdk=iphoneos*]" = "iPhone Developer: Akos Putz (625K7XEPYK)";
				COPY_PHASE_STRIP = NO;
				GCC_C_LANGUAGE_STANDARD = gnu99;
				GCC_DYNAMIC_NO_PIC = NO;
				GCC_OPTIMIZATION_LEVEL = 0;
				GCC_PREPROCESSOR_DEFINITIONS = (
					"DEBUG=1",
					"$(inherited)",
				);
				GCC_SYMBOLS_PRIVATE_EXTERN = NO;
				GCC_WARN_64_TO_32_BIT_CONVERSION = YES;
				GCC_WARN_ABOUT_RETURN_TYPE = YES_ERROR;
				GCC_WARN_UNDECLARED_SELECTOR = YES;
				GCC_WARN_UNINITIALIZED_AUTOS = YES_AGGRESSIVE;
				GCC_WARN_UNUSED_FUNCTION = YES;
				GCC_WARN_UNUSED_VARIABLE = YES;
				IPHONEOS_DEPLOYMENT_TARGET = 6.0;
				ONLY_ACTIVE_ARCH = YES;
				PROVISIONING_PROFILE = "3A7B2872-265D-4D7F-80CA-F8E5ADD9F584";
				SDKROOT = iphoneos;
				TARGETED_DEVICE_FAMILY = "1,2";
			};
			name = Debug;
		};
		706512B51996A1310090F424 /* Release */ = {
			isa = XCBuildConfiguration;
			buildSettings = {
				ALWAYS_SEARCH_USER_PATHS = NO;
				CLANG_CXX_LANGUAGE_STANDARD = "gnu++0x";
				CLANG_CXX_LIBRARY = "libc++";
				CLANG_ENABLE_MODULES = YES;
				CLANG_ENABLE_OBJC_ARC = YES;
				CLANG_WARN_BOOL_CONVERSION = YES;
				CLANG_WARN_CONSTANT_CONVERSION = YES;
				CLANG_WARN_DIRECT_OBJC_ISA_USAGE = YES_ERROR;
				CLANG_WARN_EMPTY_BODY = YES;
				CLANG_WARN_ENUM_CONVERSION = YES;
				CLANG_WARN_INT_CONVERSION = YES;
				CLANG_WARN_OBJC_ROOT_CLASS = YES_ERROR;
				CLANG_WARN__DUPLICATE_METHOD_MATCH = YES;
				"CODE_SIGN_IDENTITY[sdk=iphoneos*]" = "iPhone Developer";
				COPY_PHASE_STRIP = YES;
				ENABLE_NS_ASSERTIONS = NO;
				GCC_C_LANGUAGE_STANDARD = gnu99;
				GCC_WARN_64_TO_32_BIT_CONVERSION = YES;
				GCC_WARN_ABOUT_RETURN_TYPE = YES_ERROR;
				GCC_WARN_UNDECLARED_SELECTOR = YES;
				GCC_WARN_UNINITIALIZED_AUTOS = YES_AGGRESSIVE;
				GCC_WARN_UNUSED_FUNCTION = YES;
				GCC_WARN_UNUSED_VARIABLE = YES;
				IPHONEOS_DEPLOYMENT_TARGET = 6.0;
				PROVISIONING_PROFILE = "3A7B2872-265D-4D7F-80CA-F8E5ADD9F584";
				SDKROOT = iphoneos;
				TARGETED_DEVICE_FAMILY = "1,2";
				VALIDATE_PRODUCT = YES;
			};
			name = Release;
		};
		706512B71996A1310090F424 /* Debug */ = {
			isa = XCBuildConfiguration;
			baseConfigurationReference = C8DA9C89676E414D99B81DE6 /* Pods-HappyTraffic.xcconfig */;
			buildSettings = {
				ASSETCATALOG_COMPILER_APPICON_NAME = AppIcon;
				ASSETCATALOG_COMPILER_LAUNCHIMAGE_NAME = LaunchImage;
				CODE_SIGN_IDENTITY = "iPhone Developer";
				"CODE_SIGN_IDENTITY[sdk=iphoneos*]" = "iPhone Developer";
				GCC_PRECOMPILE_PREFIX_HEADER = YES;
				GCC_PREFIX_HEADER = "HappyTraffic/HappyTraffic-Prefix.pch";
				INFOPLIST_FILE = "HappyTraffic/HappyTraffic-Info.plist";
				IPHONEOS_DEPLOYMENT_TARGET = 7.0;
				PRODUCT_NAME = "$(TARGET_NAME)";
				PROVISIONING_PROFILE = "";
				TARGETED_DEVICE_FAMILY = 1;
				WRAPPER_EXTENSION = app;
			};
			name = Debug;
		};
		706512B81996A1310090F424 /* Release */ = {
			isa = XCBuildConfiguration;
			baseConfigurationReference = C8DA9C89676E414D99B81DE6 /* Pods-HappyTraffic.xcconfig */;
			buildSettings = {
				ASSETCATALOG_COMPILER_APPICON_NAME = AppIcon;
				ASSETCATALOG_COMPILER_LAUNCHIMAGE_NAME = LaunchImage;
				CODE_SIGN_IDENTITY = "iPhone Developer";
				"CODE_SIGN_IDENTITY[sdk=iphoneos*]" = "iPhone Developer";
				GCC_PRECOMPILE_PREFIX_HEADER = YES;
				GCC_PREFIX_HEADER = "HappyTraffic/HappyTraffic-Prefix.pch";
				INFOPLIST_FILE = "HappyTraffic/HappyTraffic-Info.plist";
				IPHONEOS_DEPLOYMENT_TARGET = 7.0;
				PRODUCT_NAME = "$(TARGET_NAME)";
				PROVISIONING_PROFILE = "";
				TARGETED_DEVICE_FAMILY = 1;
				WRAPPER_EXTENSION = app;
			};
			name = Release;
		};
		706512BA1996A1310090F424 /* Debug */ = {
			isa = XCBuildConfiguration;
			buildSettings = {
				BUNDLE_LOADER = "$(BUILT_PRODUCTS_DIR)/HappyTraffic.app/HappyTraffic";
				FRAMEWORK_SEARCH_PATHS = (
					"$(SDKROOT)/Developer/Library/Frameworks",
					"$(inherited)",
					"$(DEVELOPER_FRAMEWORKS_DIR)",
				);
				GCC_PRECOMPILE_PREFIX_HEADER = YES;
				GCC_PREFIX_HEADER = "HappyTraffic/HappyTraffic-Prefix.pch";
				GCC_PREPROCESSOR_DEFINITIONS = (
					"DEBUG=1",
					"$(inherited)",
				);
				INFOPLIST_FILE = "HappyTrafficTests/HappyTrafficTests-Info.plist";
				PRODUCT_NAME = "$(TARGET_NAME)";
				TEST_HOST = "$(BUNDLE_LOADER)";
				WRAPPER_EXTENSION = xctest;
			};
			name = Debug;
		};
		706512BB1996A1310090F424 /* Release */ = {
			isa = XCBuildConfiguration;
			buildSettings = {
				BUNDLE_LOADER = "$(BUILT_PRODUCTS_DIR)/HappyTraffic.app/HappyTraffic";
				FRAMEWORK_SEARCH_PATHS = (
					"$(SDKROOT)/Developer/Library/Frameworks",
					"$(inherited)",
					"$(DEVELOPER_FRAMEWORKS_DIR)",
				);
				GCC_PRECOMPILE_PREFIX_HEADER = YES;
				GCC_PREFIX_HEADER = "HappyTraffic/HappyTraffic-Prefix.pch";
				INFOPLIST_FILE = "HappyTrafficTests/HappyTrafficTests-Info.plist";
				PRODUCT_NAME = "$(TARGET_NAME)";
				TEST_HOST = "$(BUNDLE_LOADER)";
				WRAPPER_EXTENSION = xctest;
			};
			name = Release;
		};
/* End XCBuildConfiguration section */

/* Begin XCConfigurationList section */
		7065127C1996A1300090F424 /* Build configuration list for PBXProject "HappyTraffic" */ = {
			isa = XCConfigurationList;
			buildConfigurations = (
				706512B41996A1310090F424 /* Debug */,
				706512B51996A1310090F424 /* Release */,
			);
			defaultConfigurationIsVisible = 0;
			defaultConfigurationName = Release;
		};
		706512B61996A1310090F424 /* Build configuration list for PBXNativeTarget "HappyTraffic" */ = {
			isa = XCConfigurationList;
			buildConfigurations = (
				706512B71996A1310090F424 /* Debug */,
				706512B81996A1310090F424 /* Release */,
			);
			defaultConfigurationIsVisible = 0;
			defaultConfigurationName = Release;
		};
		706512B91996A1310090F424 /* Build configuration list for PBXNativeTarget "HappyTrafficTests" */ = {
			isa = XCConfigurationList;
			buildConfigurations = (
				706512BA1996A1310090F424 /* Debug */,
				706512BB1996A1310090F424 /* Release */,
			);
			defaultConfigurationIsVisible = 0;
			defaultConfigurationName = Release;
		};
/* End XCConfigurationList section */
	};
	rootObject = 706512791996A1300090F424 /* Project object */;
}
